// !$*UTF8*$!
{
	archiveVersion = 1;
	classes = {
	};
	objectVersion = 46;
	objects = {

/* Begin PBXBuildFile section */
		E8422A6F1F6B065500C2F793 /* main.m in Sources */ = {isa = PBXBuildFile; fileRef = E8422A6E1F6B065500C2F793 /* main.m */; };
		E8422A721F6B065500C2F793 /* AppDelegate.m in Sources */ = {isa = PBXBuildFile; fileRef = E8422A711F6B065500C2F793 /* AppDelegate.m */; };
		E8422A751F6B065500C2F793 /* ViewController.m in Sources */ = {isa = PBXBuildFile; fileRef = E8422A741F6B065500C2F793 /* ViewController.m */; };
		E8422A781F6B065500C2F793 /* Main.storyboard in Resources */ = {isa = PBXBuildFile; fileRef = E8422A761F6B065500C2F793 /* Main.storyboard */; };
		E8422A7A1F6B065500C2F793 /* Assets.xcassets in Resources */ = {isa = PBXBuildFile; fileRef = E8422A791F6B065500C2F793 /* Assets.xcassets */; };
		E8422A7D1F6B065500C2F793 /* LaunchScreen.storyboard in Resources */ = {isa = PBXBuildFile; fileRef = E8422A7B1F6B065500C2F793 /* LaunchScreen.storyboard */; };
		E8B583261F82DA4D0053185D /* TableCell.m in Sources */ = {isa = PBXBuildFile; fileRef = E8B583251F82DA4D0053185D /* TableCell.m */; };
/* End PBXBuildFile section */

/* Begin PBXFileReference section */
		E8422A6A1F6B065500C2F793 /* HockeyLeague.app */ = {isa = PBXFileReference; explicitFileType = wrapper.application; includeInIndex = 0; path = HockeyLeague.app; sourceTree = BUILT_PRODUCTS_DIR; };
		E8422A6E1F6B065500C2F793 /* main.m */ = {isa = PBXFileReference; lastKnownFileType = sourcecode.c.objc; path = main.m; sourceTree = "<group>"; };
		E8422A701F6B065500C2F793 /* AppDelegate.h */ = {isa = PBXFileReference; lastKnownFileType = sourcecode.c.h; path = AppDelegate.h; sourceTree = "<group>"; };
		E8422A711F6B065500C2F793 /* AppDelegate.m */ = {isa = PBXFileReference; lastKnownFileType = sourcecode.c.objc; path = AppDelegate.m; sourceTree = "<group>"; };
		E8422A731F6B065500C2F793 /* ViewController.h */ = {isa = PBXFileReference; lastKnownFileType = sourcecode.c.h; path = ViewController.h; sourceTree = "<group>"; };
		E8422A741F6B065500C2F793 /* ViewController.m */ = {isa = PBXFileReference; lastKnownFileType = sourcecode.c.objc; path = ViewController.m; sourceTree = "<group>"; };
		E8422A771F6B065500C2F793 /* Base */ = {isa = PBXFileReference; lastKnownFileType = file.storyboard; name = Base; path = Base.lproj/Main.storyboard; sourceTree = "<group>"; };
		E8422A791F6B065500C2F793 /* Assets.xcassets */ = {isa = PBXFileReference; lastKnownFileType = folder.assetcatalog; path = Assets.xcassets; sourceTree = "<group>"; };
		E8422A7C1F6B065500C2F793 /* Base */ = {isa = PBXFileReference; lastKnownFileType = file.storyboard; name = Base; path = Base.lproj/LaunchScreen.storyboard; sourceTree = "<group>"; };
		E8422A7E1F6B065500C2F793 /* Info.plist */ = {isa = PBXFileReference; explicitFileType = sourcecode.c.objc; path = Info.plist; sourceTree = "<group>"; };
		E8B583241F82DA4D0053185D /* TableCell.h */ = {isa = PBXFileReference; fileEncoding = 4; lastKnownFileType = sourcecode.c.h; path = TableCell.h; sourceTree = "<group>"; };
		E8B583251F82DA4D0053185D /* TableCell.m */ = {isa = PBXFileReference; fileEncoding = 4; lastKnownFileType = sourcecode.c.objc; path = TableCell.m; sourceTree = "<group>"; };
/* End PBXFileReference section */

/* Begin PBXFrameworksBuildPhase section */
		E8422A671F6B065500C2F793 /* Frameworks */ = {
			isa = PBXFrameworksBuildPhase;
			buildActionMask = 2147483647;
			files = (
			);
			runOnlyForDeploymentPostprocessing = 0;
		};
/* End PBXFrameworksBuildPhase section */

/* Begin PBXGroup section */
		E8422A611F6B065500C2F793 = {
			isa = PBXGroup;
			children = (
				E8422A6C1F6B065500C2F793 /* HockeyLeague */,
				E8422A6B1F6B065500C2F793 /* Products */,
			);
			sourceTree = "<group>";
		};
		E8422A6B1F6B065500C2F793 /* Products */ = {
			isa = PBXGroup;
			children = (
				E8422A6A1F6B065500C2F793 /* HockeyLeague.app */,
			);
			name = Products;
			sourceTree = "<group>";
		};
		E8422A6C1F6B065500C2F793 /* HockeyLeague */ = {
			isa = PBXGroup;
			children = (
				E8422A701F6B065500C2F793 /* AppDelegate.h */,
				E8422A711F6B065500C2F793 /* AppDelegate.m */,
				E8422A731F6B065500C2F793 /* ViewController.h */,
				E8422A741F6B065500C2F793 /* ViewController.m */,
				E8422A761F6B065500C2F793 /* Main.storyboard */,
				E8422A791F6B065500C2F793 /* Assets.xcassets */,
				E8422A7B1F6B065500C2F793 /* LaunchScreen.storyboard */,
				E8422A7E1F6B065500C2F793 /* Info.plist */,
				E8422A6D1F6B065500C2F793 /* Supporting Files */,
			);
			path = HockeyLeague;
			sourceTree = "<group>";
		};
		E8422A6D1F6B065500C2F793 /* Supporting Files */ = {
			isa = PBXGroup;
			children = (
				E8422A6E1F6B065500C2F793 /* main.m */,
				E8B583241F82DA4D0053185D /* TableCell.h */,
				E8B583251F82DA4D0053185D /* TableCell.m */,
			);
			name = "Supporting Files";
			sourceTree = "<group>";
		};
/* End PBXGroup section */

/* Begin PBXNativeTarget section */
		E8422A691F6B065500C2F793 /* HockeyLeague */ = {
			isa = PBXNativeTarget;
			buildConfigurationList = E8422A811F6B065500C2F793 /* Build configuration list for PBXNativeTarget "HockeyLeague" */;
			buildPhases = (
				E8422A661F6B065500C2F793 /* Sources */,
				E8422A671F6B065500C2F793 /* Frameworks */,
				E8422A681F6B065500C2F793 /* Resources */,
			);
			buildRules = (
			);
			dependencies = (
			);
			name = HockeyLeague;
			productName = HockeyLeague;
			productReference = E8422A6A1F6B065500C2F793 /* HockeyLeague.app */;
			productType = "com.apple.product-type.application";
		};
/* End PBXNativeTarget section */

/* Begin PBXProject section */
		E8422A621F6B065500C2F793 /* Project object */ = {
			isa = PBXProject;
			attributes = {
				LastUpgradeCheck = 0830;
				ORGANIZATIONNAME = "Larivière, Maxime, Croteau, Samue;";
				TargetAttributes = {
					E8422A691F6B065500C2F793 = {
						CreatedOnToolsVersion = 8.3.3;
						ProvisioningStyle = Automatic;
					};
				};
			};
			buildConfigurationList = E8422A651F6B065500C2F793 /* Build configuration list for PBXProject "HockeyLeague" */;
			compatibilityVersion = "Xcode 3.2";
			developmentRegion = English;
			hasScannedForEncodings = 0;
			knownRegions = (
				en,
				Base,
			);
			mainGroup = E8422A611F6B065500C2F793;
			productRefGroup = E8422A6B1F6B065500C2F793 /* Products */;
			projectDirPath = "";
			projectRoot = "";
			targets = (
				E8422A691F6B065500C2F793 /* HockeyLeague */,
			);
		};
/* End PBXProject section */

/* Begin PBXResourcesBuildPhase section */
		E8422A681F6B065500C2F793 /* Resources */ = {
			isa = PBXResourcesBuildPhase;
			buildActionMask = 2147483647;
			files = (
				E8422A7D1F6B065500C2F793 /* LaunchScreen.storyboard in Resources */,
				E8422A7A1F6B065500C2F793 /* Assets.xcassets in Resources */,
				E8422A781F6B065500C2F793 /* Main.storyboard in Resources */,
			);
			runOnlyForDeploymentPostprocessing = 0;
		};
/* End PBXResourcesBuildPhase section */

/* Begin PBXSourcesBuildPhase section */
		E8422A661F6B065500C2F793 /* Sources */ = {
			isa = PBXSourcesBuildPhase;
			buildActionMask = 2147483647;
			files = (
				E8422A751F6B065500C2F793 /* ViewController.m in Sources */,
				E8422A721F6B065500C2F793 /* AppDelegate.m in Sources */,
				E8B583261F82DA4D0053185D /* TableCell.m in Sources */,
				E8422A6F1F6B065500C2F793 /* main.m in Sources */,
			);
			runOnlyForDeploymentPostprocessing = 0;
		};
/* End PBXSourcesBuildPhase section */

/* Begin PBXVariantGroup section */
		E8422A761F6B065500C2F793 /* Main.storyboard */ = {
			isa = PBXVariantGroup;
			children = (
				E8422A771F6B065500C2F793 /* Base */,
			);
			name = Main.storyboard;
			sourceTree = "<group>";
		};
		E8422A7B1F6B065500C2F793 /* LaunchScreen.storyboard */ = {
			isa = PBXVariantGroup;
			children = (
				E8422A7C1F6B065500C2F793 /* Base */,
			);
			name = LaunchScreen.storyboard;
			sourceTree = "<group>";
		};
/* End PBXVariantGroup section */

/* Begin XCBuildConfiguration section */
		E8422A7F1F6B065500C2F793 /* Debug */ = {
			isa = XCBuildConfiguration;
			buildSettings = {
				ALWAYS_SEARCH_USER_PATHS = NO;
				CLANG_ANALYZER_NONNULL = YES;
				CLANG_ANALYZER_NUMBER_OBJECT_CONVERSION = YES_AGGRESSIVE;
				CLANG_CXX_LANGUAGE_STANDARD = "gnu++0x";
				CLANG_CXX_LIBRARY = "libc++";
				CLANG_ENABLE_MODULES = YES;
				CLANG_ENABLE_OBJC_ARC = YES;
				CLANG_WARN_BOOL_CONVERSION = YES;
				CLANG_WARN_CONSTANT_CONVERSION = YES;
				CLANG_WARN_DIRECT_OBJC_ISA_USAGE = YES_ERROR;
				CLANG_WARN_DOCUMENTATION_COMMENTS = YES;
				CLANG_WARN_EMPTY_BODY = YES;
				CLANG_WARN_ENUM_CONVERSION = YES;
				CLANG_WARN_INFINITE_RECURSION = YES;
				CLANG_WARN_INT_CONVERSION = YES;
				CLANG_WARN_OBJC_ROOT_CLASS = YES_ERROR;
				CLANG_WARN_SUSPICIOUS_MOVE = YES;
				CLANG_WARN_UNREACHABLE_CODE = YES;
				CLANG_WARN__DUPLICATE_METHOD_MATCH = YES;
				"CODE_SIGN_IDENTITY[sdk=iphoneos*]" = "iPhone Developer";
				COPY_PHASE_STRIP = NO;
				DEBUG_INFORMATION_FORMAT = dwarf;
				ENABLE_STRICT_OBJC_MSGSEND = YES;
				ENABLE_TESTABILITY = YES;
				GCC_C_LANGUAGE_STANDARD = gnu99;
				GCC_DYNAMIC_NO_PIC = NO;
				GCC_NO_COMMON_BLOCKS = YES;
				GCC_OPTIMIZATION_LEVEL = 0;
				GCC_PREPROCESSOR_DEFINITIONS = (
					"DEBUG=1",
					"$(inherited)",
				);
				GCC_WARN_64_TO_32_BIT_CONVERSION = YES;
				GCC_WARN_ABOUT_RETURN_TYPE = YES_ERROR;
				GCC_WARN_UNDECLARED_SELECTOR = YES;
				GCC_WARN_UNINITIALIZED_AUTOS = YES_AGGRESSIVE;
				GCC_WARN_UNUSED_FUNCTION = YES;
				GCC_WARN_UNUSED_VARIABLE = YES;
				IPHONEOS_DEPLOYMENT_TARGET = 10.3;
				MTL_ENABLE_DEBUG_INFO = YES;
				ONLY_ACTIVE_ARCH = YES;
				SDKROOT = iphoneos;
				TARGETED_DEVICE_FAMILY = 2;
			};
			name = Debug;
		};
		E8422A801F6B065500C2F793 /* Release */ = {
			isa = XCBuildConfiguration;
			buildSettings = {
				ALWAYS_SEARCH_USER_PATHS = NO;
				CLANG_ANALYZER_NONNULL = YES;
				CLANG_ANALYZER_NUMBER_OBJECT_CONVERSION = YES_AGGRESSIVE;
				CLANG_CXX_LANGUAGE_STANDARD = "gnu++0x";
				CLANG_CXX_LIBRARY = "libc++";
				CLANG_ENABLE_MODULES = YES;
				CLANG_ENABLE_OBJC_ARC = YES;
				CLANG_WARN_BOOL_CONVERSION = YES;
				CLANG_WARN_CONSTANT_CONVERSION = YES;
				CLANG_WARN_DIRECT_OBJC_ISA_USAGE = YES_ERROR;
				CLANG_WARN_DOCUMENTATION_COMMENTS = YES;
				CLANG_WARN_EMPTY_BODY = YES;
				CLANG_WARN_ENUM_CONVERSION = YES;
				CLANG_WARN_INFINITE_RECURSION = YES;
				CLANG_WARN_INT_CONVERSION = YES;
				CLANG_WARN_OBJC_ROOT_CLASS = YES_ERROR;
				CLANG_WARN_SUSPICIOUS_MOVE = YES;
				CLANG_WARN_UNREACHABLE_CODE = YES;
				CLANG_WARN__DUPLICATE_METHOD_MATCH = YES;
				"CODE_SIGN_IDENTITY[sdk=iphoneos*]" = "iPhone Developer";
				COPY_PHASE_STRIP = NO;
				DEBUG_INFORMATION_FORMAT = "dwarf-with-dsym";
				ENABLE_NS_ASSERTIONS = NO;
				ENABLE_STRICT_OBJC_MSGSEND = YES;
				GCC_C_LANGUAGE_STANDARD = gnu99;
				GCC_NO_COMMON_BLOCKS = YES;
				GCC_WARN_64_TO_32_BIT_CONVERSION = YES;
				GCC_WARN_ABOUT_RETURN_TYPE = YES_ERROR;
				GCC_WARN_UNDECLARED_SELECTOR = YES;
				GCC_WARN_UNINITIALIZED_AUTOS = YES_AGGRESSIVE;
				GCC_WARN_UNUSED_FUNCTION = YES;
				GCC_WARN_UNUSED_VARIABLE = YES;
				IPHONEOS_DEPLOYMENT_TARGET = 10.3;
				MTL_ENABLE_DEBUG_INFO = NO;
				SDKROOT = iphoneos;
				TARGETED_DEVICE_FAMILY = 2;
				VALIDATE_PRODUCT = YES;
			};
			name = Release;
		};
		E8422A821F6B065500C2F793 /* Debug */ = {
			isa = XCBuildConfiguration;
			buildSettings = {
				ASSETCATALOG_COMPILER_APPICON_NAME = AppIcon;
				INFOPLIST_FILE = HockeyLeague/Info.plist;
				LD_RUNPATH_SEARCH_PATHS = "$(inherited) @executable_path/Frameworks";
				PRODUCT_BUNDLE_IDENTIFIER = ETS.HockeyLeague;
				PRODUCT_NAME = "$(TARGET_NAME)";
			};
			name = Debug;
		};
		E8422A831F6B065500C2F793 /* Release */ = {
			isa = XCBuildConfiguration;
			buildSettings = {
				ASSETCATALOG_COMPILER_APPICON_NAME = AppIcon;
				INFOPLIST_FILE = HockeyLeague/Info.plist;
				LD_RUNPATH_SEARCH_PATHS = "$(inherited) @executable_path/Frameworks";
				PRODUCT_BUNDLE_IDENTIFIER = ETS.HockeyLeague;
				PRODUCT_NAME = "$(TARGET_NAME)";
			};
			name = Release;
		};
/* End XCBuildConfiguration section */

/* Begin XCConfigurationList section */
		E8422A651F6B065500C2F793 /* Build configuration list for PBXProject "HockeyLeague" */ = {
			isa = XCConfigurationList;
			buildConfigurations = (
				E8422A7F1F6B065500C2F793 /* Debug */,
				E8422A801F6B065500C2F793 /* Release */,
			);
			defaultConfigurationIsVisible = 0;
			defaultConfigurationName = Release;
		};
		E8422A811F6B065500C2F793 /* Build configuration list for PBXNativeTarget "HockeyLeague" */ = {
			isa = XCConfigurationList;
			buildConfigurations = (
				E8422A821F6B065500C2F793 /* Debug */,
				E8422A831F6B065500C2F793 /* Release */,
			);
			defaultConfigurationIsVisible = 0;
			defaultConfigurationName = Release;
		};
/* End XCConfigurationList section */
	};
	rootObject = E8422A621F6B065500C2F793 /* Project object */;
}
